// !$*UTF8*$!
{
	archiveVersion = 1;
	classes = {
	};
	objectVersion = 56;
	objects = {

/* Begin PBXBuildFile section */
		6E4DFB7E29DF898B0034DAC7 /* TaylorSwiftGuessApp.swift in Sources */ = {isa = PBXBuildFile; fileRef = 6E4DFB7D29DF898B0034DAC7 /* TaylorSwiftGuessApp.swift */; };
		6E4DFB8029DF898B0034DAC7 /* ContentView.swift in Sources */ = {isa = PBXBuildFile; fileRef = 6E4DFB7F29DF898B0034DAC7 /* ContentView.swift */; };
		6E4DFB8229DF898C0034DAC7 /* Assets.xcassets in Resources */ = {isa = PBXBuildFile; fileRef = 6E4DFB8129DF898C0034DAC7 /* Assets.xcassets */; };
		6E4DFB8529DF898C0034DAC7 /* Preview Assets.xcassets in Resources */ = {isa = PBXBuildFile; fileRef = 6E4DFB8429DF898C0034DAC7 /* Preview Assets.xcassets */; };
		6E4DFB8C29E271050034DAC7 /* QuestionView.swift in Sources */ = {isa = PBXBuildFile; fileRef = 6E4DFB8B29E271050034DAC7 /* QuestionView.swift */; };
		6E4DFB8E29E272010034DAC7 /* Question.swift in Sources */ = {isa = PBXBuildFile; fileRef = 6E4DFB8D29E272010034DAC7 /* Question.swift */; };
		6E4DFB9029E33FC50034DAC7 /* QuestionModel.swift in Sources */ = {isa = PBXBuildFile; fileRef = 6E4DFB8F29E33FC50034DAC7 /* QuestionModel.swift */; };
/* End PBXBuildFile section */

/* Begin PBXFileReference section */
		6E4DFB7A29DF898B0034DAC7 /* TaylorSwiftGuess.app */ = {isa = PBXFileReference; explicitFileType = wrapper.application; includeInIndex = 0; path = TaylorSwiftGuess.app; sourceTree = BUILT_PRODUCTS_DIR; };
		6E4DFB7D29DF898B0034DAC7 /* TaylorSwiftGuessApp.swift */ = {isa = PBXFileReference; lastKnownFileType = sourcecode.swift; path = TaylorSwiftGuessApp.swift; sourceTree = "<group>"; };
		6E4DFB7F29DF898B0034DAC7 /* ContentView.swift */ = {isa = PBXFileReference; lastKnownFileType = sourcecode.swift; path = ContentView.swift; sourceTree = "<group>"; };
		6E4DFB8129DF898C0034DAC7 /* Assets.xcassets */ = {isa = PBXFileReference; lastKnownFileType = folder.assetcatalog; path = Assets.xcassets; sourceTree = "<group>"; };
		6E4DFB8429DF898C0034DAC7 /* Preview Assets.xcassets */ = {isa = PBXFileReference; lastKnownFileType = folder.assetcatalog; path = "Preview Assets.xcassets"; sourceTree = "<group>"; };
		6E4DFB8B29E271050034DAC7 /* QuestionView.swift */ = {isa = PBXFileReference; lastKnownFileType = sourcecode.swift; path = QuestionView.swift; sourceTree = "<group>"; };
		6E4DFB8D29E272010034DAC7 /* Question.swift */ = {isa = PBXFileReference; lastKnownFileType = sourcecode.swift; path = Question.swift; sourceTree = "<group>"; };
		6E4DFB8F29E33FC50034DAC7 /* QuestionModel.swift */ = {isa = PBXFileReference; lastKnownFileType = sourcecode.swift; path = QuestionModel.swift; sourceTree = "<group>"; };
/* End PBXFileReference section */

/* Begin PBXFrameworksBuildPhase section */
		6E4DFB7729DF898B0034DAC7 /* Frameworks */ = {
			isa = PBXFrameworksBuildPhase;
			buildActionMask = 2147483647;
			files = (
			);
			runOnlyForDeploymentPostprocessing = 0;
		};
/* End PBXFrameworksBuildPhase section */

/* Begin PBXGroup section */
		6E4DFB7129DF898B0034DAC7 = {
			isa = PBXGroup;
			children = (
				6E4DFB7C29DF898B0034DAC7 /* TaylorSwiftGuess */,
				6E4DFB7B29DF898B0034DAC7 /* Products */,
			);
			sourceTree = "<group>";
		};
		6E4DFB7B29DF898B0034DAC7 /* Products */ = {
			isa = PBXGroup;
			children = (
				6E4DFB7A29DF898B0034DAC7 /* TaylorSwiftGuess.app */,
			);
			name = Products;
			sourceTree = "<group>";
		};
		6E4DFB7C29DF898B0034DAC7 /* TaylorSwiftGuess */ = {
			isa = PBXGroup;
			children = (
				6E4DFB7D29DF898B0034DAC7 /* TaylorSwiftGuessApp.swift */,
				6E4DFB7F29DF898B0034DAC7 /* ContentView.swift */,
				6E4DFB8B29E271050034DAC7 /* QuestionView.swift */,
				6E4DFB8D29E272010034DAC7 /* Question.swift */,
				6E4DFB8F29E33FC50034DAC7 /* QuestionModel.swift */,
				6E4DFB8129DF898C0034DAC7 /* Assets.xcassets */,
				6E4DFB8329DF898C0034DAC7 /* Preview Content */,
			);
			path = TaylorSwiftGuess;
			sourceTree = "<group>";
		};
		6E4DFB8329DF898C0034DAC7 /* Preview Content */ = {
			isa = PBXGroup;
			children = (
				6E4DFB8429DF898C0034DAC7 /* Preview Assets.xcassets */,
			);
			path = "Preview Content";
			sourceTree = "<group>";
		};
/* End PBXGroup section */

/* Begin PBXNativeTarget section */
		6E4DFB7929DF898B0034DAC7 /* TaylorSwiftGuess */ = {
			isa = PBXNativeTarget;
			buildConfigurationList = 6E4DFB8829DF898C0034DAC7 /* Build configuration list for PBXNativeTarget "TaylorSwiftGuess" */;
			buildPhases = (
				6E4DFB7629DF898B0034DAC7 /* Sources */,
				6E4DFB7729DF898B0034DAC7 /* Frameworks */,
				6E4DFB7829DF898B0034DAC7 /* Resources */,
			);
			buildRules = (
			);
			dependencies = (
			);
			name = TaylorSwiftGuess;
			productName = TaylorSwiftGuess;
			productReference = 6E4DFB7A29DF898B0034DAC7 /* TaylorSwiftGuess.app */;
			productType = "com.apple.product-type.application";
		};
/* End PBXNativeTarget section */

/* Begin PBXProject section */
		6E4DFB7229DF898B0034DAC7 /* Project object */ = {
			isa = PBXProject;
			attributes = {
				BuildIndependentTargetsInParallel = 1;
				LastSwiftUpdateCheck = 1430;
				LastUpgradeCheck = 1430;
				TargetAttributes = {
					6E4DFB7929DF898B0034DAC7 = {
						CreatedOnToolsVersion = 14.3;
					};
				};
			};
			buildConfigurationList = 6E4DFB7529DF898B0034DAC7 /* Build configuration list for PBXProject "TaylorSwiftGuess" */;
			compatibilityVersion = "Xcode 14.0";
			developmentRegion = en;
			hasScannedForEncodings = 0;
			knownRegions = (
				en,
				Base,
			);
			mainGroup = 6E4DFB7129DF898B0034DAC7;
			productRefGroup = 6E4DFB7B29DF898B0034DAC7 /* Products */;
			projectDirPath = "";
			projectRoot = "";
			targets = (
				6E4DFB7929DF898B0034DAC7 /* TaylorSwiftGuess */,
			);
		};
/* End PBXProject section */

/* Begin PBXResourcesBuildPhase section */
		6E4DFB7829DF898B0034DAC7 /* Resources */ = {
			isa = PBXResourcesBuildPhase;
			buildActionMask = 2147483647;
			files = (
				6E4DFB8529DF898C0034DAC7 /* Preview Assets.xcassets in Resources */,
				6E4DFB8229DF898C0034DAC7 /* Assets.xcassets in Resources */,
			);
			runOnlyForDeploymentPostprocessing = 0;
		};
/* End PBXResourcesBuildPhase section */

/* Begin PBXSourcesBuildPhase section */
		6E4DFB7629DF898B0034DAC7 /* Sources */ = {
			isa = PBXSourcesBuildPhase;
			buildActionMask = 2147483647;
			files = (
				6E4DFB8029DF898B0034DAC7 /* ContentView.swift in Sources */,
				6E4DFB8E29E272010034DAC7 /* Question.swift in Sources */,
				6E4DFB8C29E271050034DAC7 /* QuestionView.swift in Sources */,
				6E4DFB7E29DF898B0034DAC7 /* TaylorSwiftGuessApp.swift in Sources */,
				6E4DFB9029E33FC50034DAC7 /* QuestionModel.swift in Sources */,
			);
			runOnlyForDeploymentPostprocessing = 0;
		};
/* End PBXSourcesBuildPhase section */

/* Begin XCBuildConfiguration section */
		6E4DFB8629DF898C0034DAC7 /* Debug */ = {
			isa = XCBuildConfiguration;
			buildSettings = {
				ALWAYS_SEARCH_USER_PATHS = NO;
				CLANG_ANALYZER_NONNULL = YES;
				CLANG_ANALYZER_NUMBER_OBJECT_CONVERSION = YES_AGGRESSIVE;
				CLANG_CXX_LANGUAGE_STANDARD = "gnu++20";
				CLANG_ENABLE_MODULES = YES;
				CLANG_ENABLE_OBJC_ARC = YES;
				CLANG_ENABLE_OBJC_WEAK = YES;
				CLANG_WARN_BLOCK_CAPTURE_AUTORELEASING = YES;
				CLANG_WARN_BOOL_CONVERSION = YES;
				CLANG_WARN_COMMA = YES;
				CLANG_WARN_CONSTANT_CONVERSION = YES;
				CLANG_WARN_DEPRECATED_OBJC_IMPLEMENTATIONS = YES;
				CLANG_WARN_DIRECT_OBJC_ISA_USAGE = YES_ERROR;
				CLANG_WARN_DOCUMENTATION_COMMENTS = YES;
				CLANG_WARN_EMPTY_BODY = YES;
				CLANG_WARN_ENUM_CONVERSION = YES;
				CLANG_WARN_INFINITE_RECURSION = YES;
				CLANG_WARN_INT_CONVERSION = YES;
				CLANG_WARN_NON_LITERAL_NULL_CONVERSION = YES;
				CLANG_WARN_OBJC_IMPLICIT_RETAIN_SELF = YES;
				CLANG_WARN_OBJC_LITERAL_CONVERSION = YES;
				CLANG_WARN_OBJC_ROOT_CLASS = YES_ERROR;
				CLANG_WARN_QUOTED_INCLUDE_IN_FRAMEWORK_HEADER = YES;
				CLANG_WARN_RANGE_LOOP_ANALYSIS = YES;
				CLANG_WARN_STRICT_PROTOTYPES = YES;
				CLANG_WARN_SUSPICIOUS_MOVE = YES;
				CLANG_WARN_UNGUARDED_AVAILABILITY = YES_AGGRESSIVE;
				CLANG_WARN_UNREACHABLE_CODE = YES;
				CLANG_WARN__DUPLICATE_METHOD_MATCH = YES;
				COPY_PHASE_STRIP = NO;
				DEBUG_INFORMATION_FORMAT = dwarf;
				ENABLE_STRICT_OBJC_MSGSEND = YES;
				ENABLE_TESTABILITY = YES;
				GCC_C_LANGUAGE_STANDARD = gnu11;
				GCC_DYNAMIC_NO_PIC = NO;
				GCC_NO_COMMON_BLOCKS = YES;
				GCC_OPTIMIZATION_LEVEL = 0;
				GCC_PREPROCESSOR_DEFINITIONS = (
					"DEBUG=1",
					"$(inherited)",
				);
				GCC_WARN_64_TO_32_BIT_CONVERSION = YES;
				GCC_WARN_ABOUT_RETURN_TYPE = YES_ERROR;
				GCC_WARN_UNDECLARED_SELECTOR = YES;
				GCC_WARN_UNINITIALIZED_AUTOS = YES_AGGRESSIVE;
				GCC_WARN_UNUSED_FUNCTION = YES;
				GCC_WARN_UNUSED_VARIABLE = YES;
				IPHONEOS_DEPLOYMENT_TARGET = 16.4;
				MTL_ENABLE_DEBUG_INFO = INCLUDE_SOURCE;
				MTL_FAST_MATH = YES;
				ONLY_ACTIVE_ARCH = YES;
				SDKROOT = iphoneos;
				SWIFT_ACTIVE_COMPILATION_CONDITIONS = DEBUG;
				SWIFT_OPTIMIZATION_LEVEL = "-Onone";
			};
			name = Debug;
		};
		6E4DFB8729DF898C0034DAC7 /* Release */ = {
			isa = XCBuildConfiguration;
			buildSettings = {
				ALWAYS_SEARCH_USER_PATHS = NO;
				CLANG_ANALYZER_NONNULL = YES;
				CLANG_ANALYZER_NUMBER_OBJECT_CONVERSION = YES_AGGRESSIVE;
				CLANG_CXX_LANGUAGE_STANDARD = "gnu++20";
				CLANG_ENABLE_MODULES = YES;
				CLANG_ENABLE_OBJC_ARC = YES;
				CLANG_ENABLE_OBJC_WEAK = YES;
				CLANG_WARN_BLOCK_CAPTURE_AUTORELEASING = YES;
				CLANG_WARN_BOOL_CONVERSION = YES;
				CLANG_WARN_COMMA = YES;
				CLANG_WARN_CONSTANT_CONVERSION = YES;
				CLANG_WARN_DEPRECATED_OBJC_IMPLEMENTATIONS = YES;
				CLANG_WARN_DIRECT_OBJC_ISA_USAGE = YES_ERROR;
				CLANG_WARN_DOCUMENTATION_COMMENTS = YES;
				CLANG_WARN_EMPTY_BODY = YES;
				CLANG_WARN_ENUM_CONVERSION = YES;
				CLANG_WARN_INFINITE_RECURSION = YES;
				CLANG_WARN_INT_CONVERSION = YES;
				CLANG_WARN_NON_LITERAL_NULL_CONVERSION = YES;
				CLANG_WARN_OBJC_IMPLICIT_RETAIN_SELF = YES;
				CLANG_WARN_OBJC_LITERAL_CONVERSION = YES;
				CLANG_WARN_OBJC_ROOT_CLASS = YES_ERROR;
				CLANG_WARN_QUOTED_INCLUDE_IN_FRAMEWORK_HEADER = YES;
				CLANG_WARN_RANGE_LOOP_ANALYSIS = YES;
				CLANG_WARN_STRICT_PROTOTYPES = YES;
				CLANG_WARN_SUSPICIOUS_MOVE = YES;
				CLANG_WARN_UNGUARDED_AVAILABILITY = YES_AGGRESSIVE;
				CLANG_WARN_UNREACHABLE_CODE = YES;
				CLANG_WARN__DUPLICATE_METHOD_MATCH = YES;
				COPY_PHASE_STRIP = NO;
				DEBUG_INFORMATION_FORMAT = "dwarf-with-dsym";
				ENABLE_NS_ASSERTIONS = NO;
				ENABLE_STRICT_OBJC_MSGSEND = YES;
				GCC_C_LANGUAGE_STANDARD = gnu11;
				GCC_NO_COMMON_BLOCKS = YES;
				GCC_WARN_64_TO_32_BIT_CONVERSION = YES;
				GCC_WARN_ABOUT_RETURN_TYPE = YES_ERROR;
				GCC_WARN_UNDECLARED_SELECTOR = YES;
				GCC_WARN_UNINITIALIZED_AUTOS = YES_AGGRESSIVE;
				GCC_WARN_UNUSED_FUNCTION = YES;
				GCC_WARN_UNUSED_VARIABLE = YES;
				IPHONEOS_DEPLOYMENT_TARGET = 16.4;
				MTL_ENABLE_DEBUG_INFO = NO;
				MTL_FAST_MATH = YES;
				SDKROOT = iphoneos;
				SWIFT_COMPILATION_MODE = wholemodule;
				SWIFT_OPTIMIZATION_LEVEL = "-O";
				VALIDATE_PRODUCT = YES;
			};
			name = Release;
		};
		6E4DFB8929DF898C0034DAC7 /* Debug */ = {
			isa = XCBuildConfiguration;
			buildSettings = {
				ASSETCATALOG_COMPILER_APPICON_NAME = AppIcon;
				ASSETCATALOG_COMPILER_GLOBAL_ACCENT_COLOR_NAME = AccentColor;
				CODE_SIGN_STYLE = Automatic;
				CURRENT_PROJECT_VERSION = 1;
				DEVELOPMENT_ASSET_PATHS = "\"TaylorSwiftGuess/Preview Content\"";
				ENABLE_PREVIEWS = YES;
				GENERATE_INFOPLIST_FILE = YES;
				INFOPLIST_KEY_UIApplicationSceneManifest_Generation = YES;
				INFOPLIST_KEY_UIApplicationSupportsIndirectInputEvents = YES;
				INFOPLIST_KEY_UILaunchScreen_Generation = YES;
				INFOPLIST_KEY_UISupportedInterfaceOrientations_iPad = "UIInterfaceOrientationPortrait UIInterfaceOrientationPortraitUpsideDown UIInterfaceOrientationLandscapeLeft UIInterfaceOrientationLandscapeRight";
				INFOPLIST_KEY_UISupportedInterfaceOrientations_iPhone = "UIInterfaceOrientationPortrait UIInterfaceOrientationLandscapeLeft UIInterfaceOrientationLandscapeRight";
				LD_RUNPATH_SEARCH_PATHS = (
					"$(inherited)",
					"@executable_path/Frameworks",
				);
				MARKETING_VERSION = 1.0;
				PRODUCT_BUNDLE_IDENTIFIER = clarissavlsqz.TaylorSwiftGuess;
				PRODUCT_NAME = "$(TARGET_NAME)";
				SWIFT_EMIT_LOC_STRINGS = YES;
				SWIFT_VERSION = 5.0;
				TARGETED_DEVICE_FAMILY = "1,2";
			};
			name = Debug;
		};
		6E4DFB8A29DF898C0034DAC7 /* Release */ = {
			isa = XCBuildConfiguration;
			buildSettings = {
				ASSETCATALOG_COMPILER_APPICON_NAME = AppIcon;
				ASSETCATALOG_COMPILER_GLOBAL_ACCENT_COLOR_NAME = AccentColor;
				CODE_SIGN_STYLE = Automatic;
				CURRENT_PROJECT_VERSION = 1;
				DEVELOPMENT_ASSET_PATHS = "\"TaylorSwiftGuess/Preview Content\"";
				ENABLE_PREVIEWS = YES;
				GENERATE_INFOPLIST_FILE = YES;
				INFOPLIST_KEY_UIApplicationSceneManifest_Generation = YES;
				INFOPLIST_KEY_UIApplicationSupportsIndirectInputEvents = YES;
				INFOPLIST_KEY_UILaunchScreen_Generation = YES;
				INFOPLIST_KEY_UISupportedInterfaceOrientations_iPad = "UIInterfaceOrientationPortrait UIInterfaceOrientationPortraitUpsideDown UIInterfaceOrientationLandscapeLeft UIInterfaceOrientationLandscapeRight";
				INFOPLIST_KEY_UISupportedInterfaceOrientations_iPhone = "UIInterfaceOrientationPortrait UIInterfaceOrientationLandscapeLeft UIInterfaceOrientationLandscapeRight";
				LD_RUNPATH_SEARCH_PATHS = (
					"$(inherited)",
					"@executable_path/Frameworks",
				);
				MARKETING_VERSION = 1.0;
				PRODUCT_BUNDLE_IDENTIFIER = clarissavlsqz.TaylorSwiftGuess;
				PRODUCT_NAME = "$(TARGET_NAME)";
				SWIFT_EMIT_LOC_STRINGS = YES;
				SWIFT_VERSION = 5.0;
				TARGETED_DEVICE_FAMILY = "1,2";
			};
			name = Release;
		};
/* End XCBuildConfiguration section */

/* Begin XCConfigurationList section */
		6E4DFB7529DF898B0034DAC7 /* Build configuration list for PBXProject "TaylorSwiftGuess" */ = {
			isa = XCConfigurationList;
			buildConfigurations = (
				6E4DFB8629DF898C0034DAC7 /* Debug */,
				6E4DFB8729DF898C0034DAC7 /* Release */,
			);
			defaultConfigurationIsVisible = 0;
			defaultConfigurationName = Release;
		};
		6E4DFB8829DF898C0034DAC7 /* Build configuration list for PBXNativeTarget "TaylorSwiftGuess" */ = {
			isa = XCConfigurationList;
			buildConfigurations = (
				6E4DFB8929DF898C0034DAC7 /* Debug */,
				6E4DFB8A29DF898C0034DAC7 /* Release */,
			);
			defaultConfigurationIsVisible = 0;
			defaultConfigurationName = Release;
		};
/* End XCConfigurationList section */
	};
	rootObject = 6E4DFB7229DF898B0034DAC7 /* Project object */;
}
